
Microsoft Visual Studio Solution File, Format Version 12.00
# Visual Studio Version 16
VisualStudioVersion = 16.0.32228.343
MinimumVisualStudioVersion = 10.0.40219.1
Project("{FAE04EC0-301F-11D3-BF4B-00C04F79EFBC}") = "Zadacha4", "Zadacha4\Zadacha4.csproj", "{38402F0E-373A-4BF5-979D-42FBBE3B53F6}"
EndProject
Global
	GlobalSection(SolutionConfigurationPlatforms) = preSolution
		Debug|Any CPU = Debug|Any CPU
		Release|Any CPU = Release|Any CPU
	EndGlobalSection
	GlobalSection(ProjectConfigurationPlatforms) = postSolution
		{38402F0E-373A-4BF5-979D-42FBBE3B53F6}.Debug|Any CPU.ActiveCfg = Debug|Any CPU
		{38402F0E-373A-4BF5-979D-42FBBE3B53F6}.Debug|Any CPU.Build.0 = Debug|Any CPU
		{38402F0E-373A-4BF5-979D-42FBBE3B53F6}.Release|Any CPU.ActiveCfg = Release|Any CPU
		{38402F0E-373A-4BF5-979D-42FBBE3B53F6}.Release|Any CPU.Build.0 = Release|Any CPU
	EndGlobalSection
	GlobalSection(SolutionProperties) = preSolution
		HideSolutionNode = FALSE
	EndGlobalSection
	GlobalSection(ExtensibilityGlobals) = postSolution
		SolutionGuid = {A68EFFEE-0361-42AF-9393-E3FC39BBD54E}
	EndGlobalSection
EndGlobal
